
Microsoft Visual Studio Solution File, Format Version 12.00
# Visual Studio Version 17
VisualStudioVersion = 17.5.33516.290
MinimumVisualStudioVersion = 10.0.40219.1
Project("{FAE04EC0-301F-11D3-BF4B-00C04F79EFBC}") = "dotNET_Tuhoc_Tuan2_Baitap1", "dotNET_Tuhoc_Tuan2_Baitap1\dotNET_Tuhoc_Tuan2_Baitap1.csproj", "{6808CC2F-44B3-4733-BAD1-B30309656EDA}"
EndProject
Global
	GlobalSection(SolutionConfigurationPlatforms) = preSolution
		Debug|Any CPU = Debug|Any CPU
		Release|Any CPU = Release|Any CPU
	EndGlobalSection
	GlobalSection(ProjectConfigurationPlatforms) = postSolution
		{6808CC2F-44B3-4733-BAD1-B30309656EDA}.Debug|Any CPU.ActiveCfg = Debug|Any CPU
		{6808CC2F-44B3-4733-BAD1-B30309656EDA}.Debug|Any CPU.Build.0 = Debug|Any CPU
		{6808CC2F-44B3-4733-BAD1-B30309656EDA}.Release|Any CPU.ActiveCfg = Release|Any CPU
		{6808CC2F-44B3-4733-BAD1-B30309656EDA}.Release|Any CPU.Build.0 = Release|Any CPU
	EndGlobalSection
	GlobalSection(SolutionProperties) = preSolution
		HideSolutionNode = FALSE
	EndGlobalSection
	GlobalSection(ExtensibilityGlobals) = postSolution
		SolutionGuid = {08D4CCCC-FB4A-4F4F-AFA4-4C8E767094AA}
	EndGlobalSection
EndGlobal
