
Microsoft Visual Studio Solution File, Format Version 12.00
# Visual Studio Version 17
VisualStudioVersion = 17.5.33627.172
MinimumVisualStudioVersion = 10.0.40219.1
Project("{FAE04EC0-301F-11D3-BF4B-00C04F79EFBC}") = "Week9_Thuchanh3", "..\..\TH1397_Laptrinh.NET_.NET\Week9_Thuchanh3\Week9_Thuchanh3\Week9_Thuchanh3.csproj", "{6EB36119-B221-4585-A911-E0C6BD41F351}"
EndProject
Global
	GlobalSection(SolutionConfigurationPlatforms) = preSolution
		Debug|Any CPU = Debug|Any CPU
		Release|Any CPU = Release|Any CPU
	EndGlobalSection
	GlobalSection(ProjectConfigurationPlatforms) = postSolution
		{6EB36119-B221-4585-A911-E0C6BD41F351}.Debug|Any CPU.ActiveCfg = Debug|Any CPU
		{6EB36119-B221-4585-A911-E0C6BD41F351}.Debug|Any CPU.Build.0 = Debug|Any CPU
		{6EB36119-B221-4585-A911-E0C6BD41F351}.Release|Any CPU.ActiveCfg = Release|Any CPU
		{6EB36119-B221-4585-A911-E0C6BD41F351}.Release|Any CPU.Build.0 = Release|Any CPU
	EndGlobalSection
	GlobalSection(SolutionProperties) = preSolution
		HideSolutionNode = FALSE
	EndGlobalSection
	GlobalSection(ExtensibilityGlobals) = postSolution
		SolutionGuid = {0A2C7EDB-0289-4472-9B42-10042F9299F4}
	EndGlobalSection
EndGlobal
