
Microsoft Visual Studio Solution File, Format Version 12.00
# Visual Studio Version 17
VisualStudioVersion = 17.5.33516.290
MinimumVisualStudioVersion = 10.0.40219.1
Project("{FAE04EC0-301F-11D3-BF4B-00C04F79EFBC}") = "Week6_Thuchanh1_Baitap1", "Week6_Thuchanh1_Baitap1\Week6_Thuchanh1_Baitap1.csproj", "{ED9245FD-652F-44B0-9F5F-EEFBE0BB9475}"
EndProject
Global
	GlobalSection(SolutionConfigurationPlatforms) = preSolution
		Debug|Any CPU = Debug|Any CPU
		Release|Any CPU = Release|Any CPU
	EndGlobalSection
	GlobalSection(ProjectConfigurationPlatforms) = postSolution
		{ED9245FD-652F-44B0-9F5F-EEFBE0BB9475}.Debug|Any CPU.ActiveCfg = Debug|Any CPU
		{ED9245FD-652F-44B0-9F5F-EEFBE0BB9475}.Debug|Any CPU.Build.0 = Debug|Any CPU
		{ED9245FD-652F-44B0-9F5F-EEFBE0BB9475}.Release|Any CPU.ActiveCfg = Release|Any CPU
		{ED9245FD-652F-44B0-9F5F-EEFBE0BB9475}.Release|Any CPU.Build.0 = Release|Any CPU
	EndGlobalSection
	GlobalSection(SolutionProperties) = preSolution
		HideSolutionNode = FALSE
	EndGlobalSection
	GlobalSection(ExtensibilityGlobals) = postSolution
		SolutionGuid = {977CC46E-8F34-477B-9CF8-77265E1273A6}
	EndGlobalSection
EndGlobal
