
Microsoft Visual Studio Solution File, Format Version 12.00
# Visual Studio Version 17
VisualStudioVersion = 17.5.33424.131
MinimumVisualStudioVersion = 10.0.40219.1
Project("{FAE04EC0-301F-11D3-BF4B-00C04F79EFBC}") = "Tuan1_Baitap1", "Tuan1_Baitap1\Tuan1_Baitap1.csproj", "{4FCE8315-FCA6-4802-9A3F-9507D504F255}"
EndProject
Global
	GlobalSection(SolutionConfigurationPlatforms) = preSolution
		Debug|Any CPU = Debug|Any CPU
		Release|Any CPU = Release|Any CPU
	EndGlobalSection
	GlobalSection(ProjectConfigurationPlatforms) = postSolution
		{4FCE8315-FCA6-4802-9A3F-9507D504F255}.Debug|Any CPU.ActiveCfg = Debug|Any CPU
		{4FCE8315-FCA6-4802-9A3F-9507D504F255}.Debug|Any CPU.Build.0 = Debug|Any CPU
		{4FCE8315-FCA6-4802-9A3F-9507D504F255}.Release|Any CPU.ActiveCfg = Release|Any CPU
		{4FCE8315-FCA6-4802-9A3F-9507D504F255}.Release|Any CPU.Build.0 = Release|Any CPU
	EndGlobalSection
	GlobalSection(SolutionProperties) = preSolution
		HideSolutionNode = FALSE
	EndGlobalSection
	GlobalSection(ExtensibilityGlobals) = postSolution
		SolutionGuid = {022CAF6F-071F-4822-9669-E376D6583867}
	EndGlobalSection
EndGlobal
